
Microsoft Visual Studio Solution File, Format Version 12.00
# Visual Studio Version 17
VisualStudioVersion = 17.5.002.0
MinimumVisualStudioVersion = 10.0.40219.1
Project("{9A19103F-16F7-4668-BE54-9A1E7A4F7556}") = "mayorMenorArray", "mayorMenorArray\mayorMenorArray.csproj", "{F25BCE63-9B87-4328-A417-82ECE7B3A532}"
EndProject
Project("{9A19103F-16F7-4668-BE54-9A1E7A4F7556}") = "EstructurasDeDatos", "EstructurasDeDatos\EstructurasDeDatos.csproj", "{05231CDB-77D3-468F-9297-DE520A46A16B}"
EndProject
Project("{9A19103F-16F7-4668-BE54-9A1E7A4F7556}") = "List", "List\List.csproj", "{BAD02821-7962-4C81-99EC-0B0669BFD7DC}"
EndProject
Project("{9A19103F-16F7-4668-BE54-9A1E7A4F7556}") = "libretaTelefonica", "libretaTelefonica\libretaTelefonica.csproj", "{AE2E8A21-D2BA-40A0-9423-C2AE77B0358F}"
EndProject
Project("{9A19103F-16F7-4668-BE54-9A1E7A4F7556}") = "gestionProductos_NicolasSarchi", "gestionProductos_NicolasSarchi\gestionProductos_NicolasSarchi.csproj", "{9A062FAF-9010-4FF2-93D5-04C42563DC2E}"
EndProject
Project("{9A19103F-16F7-4668-BE54-9A1E7A4F7556}") = "LigaBetPlay", "LigaBetPlay\LigaBetPlay.csproj", "{1BDA50D6-41AB-4477-BD72-4F2357CD9D17}"
EndProject
Project("{9A19103F-16F7-4668-BE54-9A1E7A4F7556}") = "movimientosCaballoAjedez", "movimientosCaballoAjedez\movimientosCaballoAjedez.csproj", "{A48BE9F5-001A-4B1F-9E1C-E19376F9767D}"
EndProject
Project("{9A19103F-16F7-4668-BE54-9A1E7A4F7556}") = "ProgramacionOO", "ProgramacionOO\ProgramacionOO.csproj", "{749214D7-A902-4AA9-9A3F-8DCD3C099D52}"
EndProject
Project("{9A19103F-16F7-4668-BE54-9A1E7A4F7556}") = "menu", "menu\menu.csproj", "{09CF4278-1D2A-4ED5-A776-6F19E65CFB8F}"
EndProject
Project("{9A19103F-16F7-4668-BE54-9A1E7A4F7556}") = "Diccionarios", "Diccionarios\Diccionarios.csproj", "{46B06EAB-5FFD-4DDE-ABDA-0B18F7837823}"
EndProject
Project("{9A19103F-16F7-4668-BE54-9A1E7A4F7556}") = "gestionUsusarios", "gestionUsusarios\gestionUsusarios.csproj", "{41CEE3FA-37D4-4B27-9E87-44993790589C}"
EndProject
Project("{9A19103F-16F7-4668-BE54-9A1E7A4F7556}") = "poo_1", "poo_1\poo_1.csproj", "{3D8FCE98-DB35-4CE7-9C1B-8E284CCD7EC4}"
EndProject
Project("{9A19103F-16F7-4668-BE54-9A1E7A4F7556}") = "CentroReparacionAutomotriz", "CentroReparacionAutomotriz\CentroReparacionAutomotriz.csproj", "{DD4C3106-C8AE-408B-ACC5-36B5BD59E65B}"
EndProject
Project("{2150E333-8FDC-42A3-9474-1A3956D46DE8}") = "Ejercicios", "Ejercicios", "{395ADCD7-3495-4555-B5B6-2BEA9CB86AF1}"
EndProject
Project("{9A19103F-16F7-4668-BE54-9A1E7A4F7556}") = "eliminarDuplicadosArray", "Ejercicios\eliminarDuplicadosArray\eliminarDuplicadosArray.csproj", "{4712E7C6-74C2-4877-903F-8FEF96BEB07E}"
EndProject
Project("{9A19103F-16F7-4668-BE54-9A1E7A4F7556}") = "añoBisiesto", "Ejercicios\añoBisiesto\añoBisiesto.csproj", "{971593ED-513A-45E3-9E12-679A3ACC80D3}"
EndProject
Project("{9A19103F-16F7-4668-BE54-9A1E7A4F7556}") = "TablasMultiplicar", "Ejercicios\TablasMultiplicar\TablasMultiplicar.csproj", "{AAAF4E99-4AF4-4C72-91CA-4DB6EAF479C1}"
EndProject
Project("{9A19103F-16F7-4668-BE54-9A1E7A4F7556}") = "camelCasing", "Ejercicios\camelCasing\camelCasing.csproj", "{6776C768-6C64-49F3-B5A7-D8488FD7DF32}"
EndProject
Project("{9A19103F-16F7-4668-BE54-9A1E7A4F7556}") = "convertidor", "Ejercicios\convertidor\convertidor.csproj", "{904735E7-15E5-4FF8-B2F1-2D32CE51D154}"
EndProject
Project("{9A19103F-16F7-4668-BE54-9A1E7A4F7556}") = "Conversor de Unidades", "Ejercicios\Conversor de Unidades\Conversor de Unidades.csproj", "{F0C12F12-0E20-4DE7-AF2E-A7A161A85CA3}"
EndProject
Project("{9A19103F-16F7-4668-BE54-9A1E7A4F7556}") = "Ejercicio_1", "Ejercicios\Ejercicio_1\Ejercicio_1.csproj", "{E80D6502-4F75-4FB9-9E2D-42F8DFE35B1B}"
EndProject
Project("{9A19103F-16F7-4668-BE54-9A1E7A4F7556}") = "Ejercicio_2", "Ejercicios\Ejercicio_2\Ejercicio_2.csproj", "{F92BC889-9AAC-4BB5-973D-A5CC20CD3535}"
EndProject
Project("{9A19103F-16F7-4668-BE54-9A1E7A4F7556}") = "markify", "Ejercicios\markify\markify.csproj", "{C0F68EE2-1FB1-45A3-9F1E-FAF7195465A3}"
EndProject
Project("{9A19103F-16F7-4668-BE54-9A1E7A4F7556}") = "fizzBuzz", "Ejercicios\fizzBuzz\fizzBuzz.csproj", "{8BA8C927-EB53-4F54-B596-D83C0FE16E23}"
EndProject
Project("{2150E333-8FDC-42A3-9474-1A3956D46DE8}") = "Funcioness", "Funcioness", "{7B7C194A-26A9-48FC-ACA7-156A91B818D7}"
EndProject
Project("{9A19103F-16F7-4668-BE54-9A1E7A4F7556}") = "Funciones2", "Funcioness\Funciones2\Funciones2.csproj", "{EEBC182A-C0F5-4633-82B2-85191BD56C63}"
EndProject
Project("{9A19103F-16F7-4668-BE54-9A1E7A4F7556}") = "funciones", "Funcioness\funciones\funciones.csproj", "{BA350642-C807-4518-B592-B096D34ADE07}"
EndProject
Global
	GlobalSection(SolutionConfigurationPlatforms) = preSolution
		Debug|Any CPU = Debug|Any CPU
		Release|Any CPU = Release|Any CPU
	EndGlobalSection
	GlobalSection(ProjectConfigurationPlatforms) = postSolution
		{F25BCE63-9B87-4328-A417-82ECE7B3A532}.Debug|Any CPU.ActiveCfg = Debug|Any CPU
		{F25BCE63-9B87-4328-A417-82ECE7B3A532}.Debug|Any CPU.Build.0 = Debug|Any CPU
		{F25BCE63-9B87-4328-A417-82ECE7B3A532}.Release|Any CPU.ActiveCfg = Release|Any CPU
		{F25BCE63-9B87-4328-A417-82ECE7B3A532}.Release|Any CPU.Build.0 = Release|Any CPU
		{05231CDB-77D3-468F-9297-DE520A46A16B}.Debug|Any CPU.ActiveCfg = Debug|Any CPU
		{05231CDB-77D3-468F-9297-DE520A46A16B}.Debug|Any CPU.Build.0 = Debug|Any CPU
		{05231CDB-77D3-468F-9297-DE520A46A16B}.Release|Any CPU.ActiveCfg = Release|Any CPU
		{05231CDB-77D3-468F-9297-DE520A46A16B}.Release|Any CPU.Build.0 = Release|Any CPU
		{BAD02821-7962-4C81-99EC-0B0669BFD7DC}.Debug|Any CPU.ActiveCfg = Debug|Any CPU
		{BAD02821-7962-4C81-99EC-0B0669BFD7DC}.Debug|Any CPU.Build.0 = Debug|Any CPU
		{BAD02821-7962-4C81-99EC-0B0669BFD7DC}.Release|Any CPU.ActiveCfg = Release|Any CPU
		{BAD02821-7962-4C81-99EC-0B0669BFD7DC}.Release|Any CPU.Build.0 = Release|Any CPU
		{AE2E8A21-D2BA-40A0-9423-C2AE77B0358F}.Debug|Any CPU.ActiveCfg = Debug|Any CPU
		{AE2E8A21-D2BA-40A0-9423-C2AE77B0358F}.Debug|Any CPU.Build.0 = Debug|Any CPU
		{AE2E8A21-D2BA-40A0-9423-C2AE77B0358F}.Release|Any CPU.ActiveCfg = Release|Any CPU
		{AE2E8A21-D2BA-40A0-9423-C2AE77B0358F}.Release|Any CPU.Build.0 = Release|Any CPU
		{9A062FAF-9010-4FF2-93D5-04C42563DC2E}.Debug|Any CPU.ActiveCfg = Debug|Any CPU
		{9A062FAF-9010-4FF2-93D5-04C42563DC2E}.Debug|Any CPU.Build.0 = Debug|Any CPU
		{9A062FAF-9010-4FF2-93D5-04C42563DC2E}.Release|Any CPU.ActiveCfg = Release|Any CPU
		{9A062FAF-9010-4FF2-93D5-04C42563DC2E}.Release|Any CPU.Build.0 = Release|Any CPU
		{1BDA50D6-41AB-4477-BD72-4F2357CD9D17}.Debug|Any CPU.ActiveCfg = Debug|Any CPU
		{1BDA50D6-41AB-4477-BD72-4F2357CD9D17}.Debug|Any CPU.Build.0 = Debug|Any CPU
		{1BDA50D6-41AB-4477-BD72-4F2357CD9D17}.Release|Any CPU.ActiveCfg = Release|Any CPU
		{1BDA50D6-41AB-4477-BD72-4F2357CD9D17}.Release|Any CPU.Build.0 = Release|Any CPU
		{A48BE9F5-001A-4B1F-9E1C-E19376F9767D}.Debug|Any CPU.ActiveCfg = Debug|Any CPU
		{A48BE9F5-001A-4B1F-9E1C-E19376F9767D}.Debug|Any CPU.Build.0 = Debug|Any CPU
		{A48BE9F5-001A-4B1F-9E1C-E19376F9767D}.Release|Any CPU.ActiveCfg = Release|Any CPU
		{A48BE9F5-001A-4B1F-9E1C-E19376F9767D}.Release|Any CPU.Build.0 = Release|Any CPU
		{749214D7-A902-4AA9-9A3F-8DCD3C099D52}.Debug|Any CPU.ActiveCfg = Debug|Any CPU
		{749214D7-A902-4AA9-9A3F-8DCD3C099D52}.Debug|Any CPU.Build.0 = Debug|Any CPU
		{749214D7-A902-4AA9-9A3F-8DCD3C099D52}.Release|Any CPU.ActiveCfg = Release|Any CPU
		{749214D7-A902-4AA9-9A3F-8DCD3C099D52}.Release|Any CPU.Build.0 = Release|Any CPU
		{09CF4278-1D2A-4ED5-A776-6F19E65CFB8F}.Debug|Any CPU.ActiveCfg = Debug|Any CPU
		{09CF4278-1D2A-4ED5-A776-6F19E65CFB8F}.Debug|Any CPU.Build.0 = Debug|Any CPU
		{09CF4278-1D2A-4ED5-A776-6F19E65CFB8F}.Release|Any CPU.ActiveCfg = Release|Any CPU
		{09CF4278-1D2A-4ED5-A776-6F19E65CFB8F}.Release|Any CPU.Build.0 = Release|Any CPU
		{46B06EAB-5FFD-4DDE-ABDA-0B18F7837823}.Debug|Any CPU.ActiveCfg = Debug|Any CPU
		{46B06EAB-5FFD-4DDE-ABDA-0B18F7837823}.Debug|Any CPU.Build.0 = Debug|Any CPU
		{46B06EAB-5FFD-4DDE-ABDA-0B18F7837823}.Release|Any CPU.ActiveCfg = Release|Any CPU
		{46B06EAB-5FFD-4DDE-ABDA-0B18F7837823}.Release|Any CPU.Build.0 = Release|Any CPU
		{41CEE3FA-37D4-4B27-9E87-44993790589C}.Debug|Any CPU.ActiveCfg = Debug|Any CPU
		{41CEE3FA-37D4-4B27-9E87-44993790589C}.Debug|Any CPU.Build.0 = Debug|Any CPU
		{41CEE3FA-37D4-4B27-9E87-44993790589C}.Release|Any CPU.ActiveCfg = Release|Any CPU
		{41CEE3FA-37D4-4B27-9E87-44993790589C}.Release|Any CPU.Build.0 = Release|Any CPU
		{3D8FCE98-DB35-4CE7-9C1B-8E284CCD7EC4}.Debug|Any CPU.ActiveCfg = Debug|Any CPU
		{3D8FCE98-DB35-4CE7-9C1B-8E284CCD7EC4}.Debug|Any CPU.Build.0 = Debug|Any CPU
		{3D8FCE98-DB35-4CE7-9C1B-8E284CCD7EC4}.Release|Any CPU.ActiveCfg = Release|Any CPU
		{3D8FCE98-DB35-4CE7-9C1B-8E284CCD7EC4}.Release|Any CPU.Build.0 = Release|Any CPU
		{DD4C3106-C8AE-408B-ACC5-36B5BD59E65B}.Debug|Any CPU.ActiveCfg = Debug|Any CPU
		{DD4C3106-C8AE-408B-ACC5-36B5BD59E65B}.Debug|Any CPU.Build.0 = Debug|Any CPU
		{DD4C3106-C8AE-408B-ACC5-36B5BD59E65B}.Release|Any CPU.ActiveCfg = Release|Any CPU
		{DD4C3106-C8AE-408B-ACC5-36B5BD59E65B}.Release|Any CPU.Build.0 = Release|Any CPU
		{4712E7C6-74C2-4877-903F-8FEF96BEB07E}.Debug|Any CPU.ActiveCfg = Debug|Any CPU
		{4712E7C6-74C2-4877-903F-8FEF96BEB07E}.Debug|Any CPU.Build.0 = Debug|Any CPU
		{4712E7C6-74C2-4877-903F-8FEF96BEB07E}.Release|Any CPU.ActiveCfg = Release|Any CPU
		{4712E7C6-74C2-4877-903F-8FEF96BEB07E}.Release|Any CPU.Build.0 = Release|Any CPU
		{971593ED-513A-45E3-9E12-679A3ACC80D3}.Debug|Any CPU.ActiveCfg = Debug|Any CPU
		{971593ED-513A-45E3-9E12-679A3ACC80D3}.Debug|Any CPU.Build.0 = Debug|Any CPU
		{971593ED-513A-45E3-9E12-679A3ACC80D3}.Release|Any CPU.ActiveCfg = Release|Any CPU
		{971593ED-513A-45E3-9E12-679A3ACC80D3}.Release|Any CPU.Build.0 = Release|Any CPU
		{AAAF4E99-4AF4-4C72-91CA-4DB6EAF479C1}.Debug|Any CPU.ActiveCfg = Debug|Any CPU
		{AAAF4E99-4AF4-4C72-91CA-4DB6EAF479C1}.Debug|Any CPU.Build.0 = Debug|Any CPU
		{AAAF4E99-4AF4-4C72-91CA-4DB6EAF479C1}.Release|Any CPU.ActiveCfg = Release|Any CPU
		{AAAF4E99-4AF4-4C72-91CA-4DB6EAF479C1}.Release|Any CPU.Build.0 = Release|Any CPU
		{6776C768-6C64-49F3-B5A7-D8488FD7DF32}.Debug|Any CPU.ActiveCfg = Debug|Any CPU
		{6776C768-6C64-49F3-B5A7-D8488FD7DF32}.Debug|Any CPU.Build.0 = Debug|Any CPU
		{6776C768-6C64-49F3-B5A7-D8488FD7DF32}.Release|Any CPU.ActiveCfg = Release|Any CPU
		{6776C768-6C64-49F3-B5A7-D8488FD7DF32}.Release|Any CPU.Build.0 = Release|Any CPU
		{904735E7-15E5-4FF8-B2F1-2D32CE51D154}.Debug|Any CPU.ActiveCfg = Debug|Any CPU
		{904735E7-15E5-4FF8-B2F1-2D32CE51D154}.Debug|Any CPU.Build.0 = Debug|Any CPU
		{904735E7-15E5-4FF8-B2F1-2D32CE51D154}.Release|Any CPU.ActiveCfg = Release|Any CPU
		{904735E7-15E5-4FF8-B2F1-2D32CE51D154}.Release|Any CPU.Build.0 = Release|Any CPU
		{F0C12F12-0E20-4DE7-AF2E-A7A161A85CA3}.Debug|Any CPU.ActiveCfg = Debug|Any CPU
		{F0C12F12-0E20-4DE7-AF2E-A7A161A85CA3}.Debug|Any CPU.Build.0 = Debug|Any CPU
		{F0C12F12-0E20-4DE7-AF2E-A7A161A85CA3}.Release|Any CPU.ActiveCfg = Release|Any CPU
		{F0C12F12-0E20-4DE7-AF2E-A7A161A85CA3}.Release|Any CPU.Build.0 = Release|Any CPU
		{E80D6502-4F75-4FB9-9E2D-42F8DFE35B1B}.Debug|Any CPU.ActiveCfg = Debug|Any CPU
		{E80D6502-4F75-4FB9-9E2D-42F8DFE35B1B}.Debug|Any CPU.Build.0 = Debug|Any CPU
		{E80D6502-4F75-4FB9-9E2D-42F8DFE35B1B}.Release|Any CPU.ActiveCfg = Release|Any CPU
		{E80D6502-4F75-4FB9-9E2D-42F8DFE35B1B}.Release|Any CPU.Build.0 = Release|Any CPU
		{F92BC889-9AAC-4BB5-973D-A5CC20CD3535}.Debug|Any CPU.ActiveCfg = Debug|Any CPU
		{F92BC889-9AAC-4BB5-973D-A5CC20CD3535}.Debug|Any CPU.Build.0 = Debug|Any CPU
		{F92BC889-9AAC-4BB5-973D-A5CC20CD3535}.Release|Any CPU.ActiveCfg = Release|Any CPU
		{F92BC889-9AAC-4BB5-973D-A5CC20CD3535}.Release|Any CPU.Build.0 = Release|Any CPU
		{C0F68EE2-1FB1-45A3-9F1E-FAF7195465A3}.Debug|Any CPU.ActiveCfg = Debug|Any CPU
		{C0F68EE2-1FB1-45A3-9F1E-FAF7195465A3}.Debug|Any CPU.Build.0 = Debug|Any CPU
		{C0F68EE2-1FB1-45A3-9F1E-FAF7195465A3}.Release|Any CPU.ActiveCfg = Release|Any CPU
		{C0F68EE2-1FB1-45A3-9F1E-FAF7195465A3}.Release|Any CPU.Build.0 = Release|Any CPU
		{8BA8C927-EB53-4F54-B596-D83C0FE16E23}.Debug|Any CPU.ActiveCfg = Debug|Any CPU
		{8BA8C927-EB53-4F54-B596-D83C0FE16E23}.Debug|Any CPU.Build.0 = Debug|Any CPU
		{8BA8C927-EB53-4F54-B596-D83C0FE16E23}.Release|Any CPU.ActiveCfg = Release|Any CPU
		{8BA8C927-EB53-4F54-B596-D83C0FE16E23}.Release|Any CPU.Build.0 = Release|Any CPU
		{EEBC182A-C0F5-4633-82B2-85191BD56C63}.Debug|Any CPU.ActiveCfg = Debug|Any CPU
		{EEBC182A-C0F5-4633-82B2-85191BD56C63}.Debug|Any CPU.Build.0 = Debug|Any CPU
		{EEBC182A-C0F5-4633-82B2-85191BD56C63}.Release|Any CPU.ActiveCfg = Release|Any CPU
		{EEBC182A-C0F5-4633-82B2-85191BD56C63}.Release|Any CPU.Build.0 = Release|Any CPU
		{BA350642-C807-4518-B592-B096D34ADE07}.Debug|Any CPU.ActiveCfg = Debug|Any CPU
		{BA350642-C807-4518-B592-B096D34ADE07}.Debug|Any CPU.Build.0 = Debug|Any CPU
		{BA350642-C807-4518-B592-B096D34ADE07}.Release|Any CPU.ActiveCfg = Release|Any CPU
		{BA350642-C807-4518-B592-B096D34ADE07}.Release|Any CPU.Build.0 = Release|Any CPU
	EndGlobalSection
	GlobalSection(SolutionProperties) = preSolution
		HideSolutionNode = FALSE
	EndGlobalSection
	GlobalSection(NestedProjects) = preSolution
		{4712E7C6-74C2-4877-903F-8FEF96BEB07E} = {395ADCD7-3495-4555-B5B6-2BEA9CB86AF1}
		{971593ED-513A-45E3-9E12-679A3ACC80D3} = {395ADCD7-3495-4555-B5B6-2BEA9CB86AF1}
		{AAAF4E99-4AF4-4C72-91CA-4DB6EAF479C1} = {395ADCD7-3495-4555-B5B6-2BEA9CB86AF1}
		{6776C768-6C64-49F3-B5A7-D8488FD7DF32} = {395ADCD7-3495-4555-B5B6-2BEA9CB86AF1}
		{904735E7-15E5-4FF8-B2F1-2D32CE51D154} = {395ADCD7-3495-4555-B5B6-2BEA9CB86AF1}
		{F0C12F12-0E20-4DE7-AF2E-A7A161A85CA3} = {395ADCD7-3495-4555-B5B6-2BEA9CB86AF1}
		{E80D6502-4F75-4FB9-9E2D-42F8DFE35B1B} = {395ADCD7-3495-4555-B5B6-2BEA9CB86AF1}
		{F92BC889-9AAC-4BB5-973D-A5CC20CD3535} = {395ADCD7-3495-4555-B5B6-2BEA9CB86AF1}
		{C0F68EE2-1FB1-45A3-9F1E-FAF7195465A3} = {395ADCD7-3495-4555-B5B6-2BEA9CB86AF1}
		{8BA8C927-EB53-4F54-B596-D83C0FE16E23} = {395ADCD7-3495-4555-B5B6-2BEA9CB86AF1}
		{EEBC182A-C0F5-4633-82B2-85191BD56C63} = {7B7C194A-26A9-48FC-ACA7-156A91B818D7}
		{BA350642-C807-4518-B592-B096D34ADE07} = {7B7C194A-26A9-48FC-ACA7-156A91B818D7}
	EndGlobalSection
	GlobalSection(ExtensibilityGlobals) = postSolution
		SolutionGuid = {08EB3156-7C3B-46F6-A9BA-3CD46F13092F}
	EndGlobalSection
EndGlobal
